
Microsoft Visual Studio Solution File, Format Version 12.00
# Visual Studio Version 17
VisualStudioVersion = 17.13.35931.197
MinimumVisualStudioVersion = 10.0.40219.1
Project("{FAE04EC0-301F-11D3-BF4B-00C04F79EFBC}") = "Strawberry-Shake-Client", "Strawberry-Shake-Client\Strawberry-Shake-Client.csproj", "{AB8235CD-5B35-49E8-91B6-5155F732FBD0}"
EndProject
Project("{FAE04EC0-301F-11D3-BF4B-00C04F79EFBC}") = "Subscription-Server", "Subscription-Server\Subscription-Server.csproj", "{9519D1C0-ECDF-4681-BE34-060146DE45B9}"
EndProject
Global
	GlobalSection(SolutionConfigurationPlatforms) = preSolution
		Debug|Any CPU = Debug|Any CPU
		Release|Any CPU = Release|Any CPU
	EndGlobalSection
	GlobalSection(ProjectConfigurationPlatforms) = postSolution
		{AB8235CD-5B35-49E8-91B6-5155F732FBD0}.Debug|Any CPU.ActiveCfg = Debug|Any CPU
		{AB8235CD-5B35-49E8-91B6-5155F732FBD0}.Debug|Any CPU.Build.0 = Debug|Any CPU
		{AB8235CD-5B35-49E8-91B6-5155F732FBD0}.Release|Any CPU.ActiveCfg = Release|Any CPU
		{AB8235CD-5B35-49E8-91B6-5155F732FBD0}.Release|Any CPU.Build.0 = Release|Any CPU
		{9519D1C0-ECDF-4681-BE34-060146DE45B9}.Debug|Any CPU.ActiveCfg = Debug|Any CPU
		{9519D1C0-ECDF-4681-BE34-060146DE45B9}.Debug|Any CPU.Build.0 = Debug|Any CPU
		{9519D1C0-ECDF-4681-BE34-060146DE45B9}.Release|Any CPU.ActiveCfg = Release|Any CPU
		{9519D1C0-ECDF-4681-BE34-060146DE45B9}.Release|Any CPU.Build.0 = Release|Any CPU
	EndGlobalSection
	GlobalSection(SolutionProperties) = preSolution
		HideSolutionNode = FALSE
	EndGlobalSection
	GlobalSection(ExtensibilityGlobals) = postSolution
		SolutionGuid = {21198A9A-A921-4289-8DCA-3DB71C89F9F4}
	EndGlobalSection
EndGlobal
